<?xml version="1.0" encoding="utf-8"?>
<Project ToolsVersion="4.0" xmlns="http://schemas.microsoft.com/developer/msbuild/2003">
  <ItemGroup>
    <ClCompile Include="CMSLibrary.cpp" />
    <ClCompile Include="encryption.cpp" />
    <ClCompile Include="huffman.c" />
    <ClCompile Include="header.cpp" />
    <ClCompile Include="main.cpp" />
    <ClCompile Include="message.cpp" />
    <ClCompile Include="queues.cpp" />
    <ClCompile Include="RS232Comm.cpp" />
    <ClCompile Include="sound.cpp" />
    <ClCompile Include="RLE.cpp" />
  </ItemGroup>
  <ItemGroup>
    <ClInclude Include="CMSLibrary.h" />
    <ClInclude Include="encryption.h" />
    <ClInclude Include="huffman.h" />
    <ClInclude Include="header.h" />
    <ClInclude Include="message.h" />
    <ClInclude Include="queues.h" />
    <ClInclude Include="RS232Comm.h" />
    <ClInclude Include="sound.h" />
    <ClInclude Include="RLE.h" />
  </ItemGroup>
  <ItemGroup>
    <Text Include="FortuneCookies.txt" />
  </ItemGroup>
</Project>